
Microsoft Visual Studio Solution File, Format Version 12.00
# Visual Studio Version 17
VisualStudioVersion = 17.13.35825.156 d17.13
MinimumVisualStudioVersion = 10.0.40219.1
Project("{FAE04EC0-301F-11D3-BF4B-00C04F79EFBC}") = "LISTT", "LISTT\LISTT.csproj", "{31109DDD-C88D-49AD-9A06-733E6FDB1321}"
EndProject
Global
	GlobalSection(SolutionConfigurationPlatforms) = preSolution
		Debug|Any CPU = Debug|Any CPU
		Release|Any CPU = Release|Any CPU
	EndGlobalSection
	GlobalSection(ProjectConfigurationPlatforms) = postSolution
		{31109DDD-C88D-49AD-9A06-733E6FDB1321}.Debug|Any CPU.ActiveCfg = Debug|Any CPU
		{31109DDD-C88D-49AD-9A06-733E6FDB1321}.Debug|Any CPU.Build.0 = Debug|Any CPU
		{31109DDD-C88D-49AD-9A06-733E6FDB1321}.Release|Any CPU.ActiveCfg = Release|Any CPU
		{31109DDD-C88D-49AD-9A06-733E6FDB1321}.Release|Any CPU.Build.0 = Release|Any CPU
	EndGlobalSection
	GlobalSection(SolutionProperties) = preSolution
		HideSolutionNode = FALSE
	EndGlobalSection
	GlobalSection(ExtensibilityGlobals) = postSolution
		SolutionGuid = {F6B77227-4CCC-49B5-B409-0427BDB66828}
	EndGlobalSection
EndGlobal
