
Microsoft Visual Studio Solution File, Format Version 12.00
# Visual Studio Version 17
VisualStudioVersion = 17.13.35825.156 d17.13
MinimumVisualStudioVersion = 10.0.40219.1
Project("{FAE04EC0-301F-11D3-BF4B-00C04F79EFBC}") = "WindowsFormsApp1", "WindowsFormsApp1\WindowsFormsApp1.csproj", "{D50034FB-213C-4B02-8F3D-6C072DA5B43B}"
EndProject
Global
	GlobalSection(SolutionConfigurationPlatforms) = preSolution
		Debug|Any CPU = Debug|Any CPU
		Release|Any CPU = Release|Any CPU
	EndGlobalSection
	GlobalSection(ProjectConfigurationPlatforms) = postSolution
		{D50034FB-213C-4B02-8F3D-6C072DA5B43B}.Debug|Any CPU.ActiveCfg = Debug|Any CPU
		{D50034FB-213C-4B02-8F3D-6C072DA5B43B}.Debug|Any CPU.Build.0 = Debug|Any CPU
		{D50034FB-213C-4B02-8F3D-6C072DA5B43B}.Release|Any CPU.ActiveCfg = Release|Any CPU
		{D50034FB-213C-4B02-8F3D-6C072DA5B43B}.Release|Any CPU.Build.0 = Release|Any CPU
	EndGlobalSection
	GlobalSection(SolutionProperties) = preSolution
		HideSolutionNode = FALSE
	EndGlobalSection
	GlobalSection(ExtensibilityGlobals) = postSolution
		SolutionGuid = {BD6ED6F9-3E60-4FF5-9A3B-7D5FA9B2450D}
	EndGlobalSection
EndGlobal
