
Microsoft Visual Studio Solution File, Format Version 12.00
# Visual Studio Version 17
VisualStudioVersion = 17.13.35825.156 d17.13
MinimumVisualStudioVersion = 10.0.40219.1
Project("{FAE04EC0-301F-11D3-BF4B-00C04F79EFBC}") = "Products", "Products\Products.csproj", "{9A685A79-D3FE-4B0A-BDC5-7CA6D6B6D6E4}"
EndProject
Global
	GlobalSection(SolutionConfigurationPlatforms) = preSolution
		Debug|Any CPU = Debug|Any CPU
		Release|Any CPU = Release|Any CPU
	EndGlobalSection
	GlobalSection(ProjectConfigurationPlatforms) = postSolution
		{9A685A79-D3FE-4B0A-BDC5-7CA6D6B6D6E4}.Debug|Any CPU.ActiveCfg = Debug|Any CPU
		{9A685A79-D3FE-4B0A-BDC5-7CA6D6B6D6E4}.Debug|Any CPU.Build.0 = Debug|Any CPU
		{9A685A79-D3FE-4B0A-BDC5-7CA6D6B6D6E4}.Release|Any CPU.ActiveCfg = Release|Any CPU
		{9A685A79-D3FE-4B0A-BDC5-7CA6D6B6D6E4}.Release|Any CPU.Build.0 = Release|Any CPU
	EndGlobalSection
	GlobalSection(SolutionProperties) = preSolution
		HideSolutionNode = FALSE
	EndGlobalSection
	GlobalSection(ExtensibilityGlobals) = postSolution
		SolutionGuid = {A884765D-D138-4E90-BC2C-7F037DA89344}
	EndGlobalSection
EndGlobal
