
Microsoft Visual Studio Solution File, Format Version 12.00
# Visual Studio Version 17
VisualStudioVersion = 17.11.35222.181
MinimumVisualStudioVersion = 10.0.40219.1
Project("{FAE04EC0-301F-11D3-BF4B-00C04F79EFBC}") = "rabota13.03.2026", "rabota13.03.2026\rabota13.03.2026.csproj", "{8F5C8602-8974-4F90-9982-D8D786DB5C6B}"
EndProject
Project("{FAE04EC0-301F-11D3-BF4B-00C04F79EFBC}") = "Library", "ClassLibrary1\Library.csproj", "{B8F8CDE9-E29C-4AF3-AA4E-A46654B9EA21}"
EndProject
Global
	GlobalSection(SolutionConfigurationPlatforms) = preSolution
		Debug|Any CPU = Debug|Any CPU
		Release|Any CPU = Release|Any CPU
	EndGlobalSection
	GlobalSection(ProjectConfigurationPlatforms) = postSolution
		{8F5C8602-8974-4F90-9982-D8D786DB5C6B}.Debug|Any CPU.ActiveCfg = Debug|Any CPU
		{8F5C8602-8974-4F90-9982-D8D786DB5C6B}.Debug|Any CPU.Build.0 = Debug|Any CPU
		{8F5C8602-8974-4F90-9982-D8D786DB5C6B}.Release|Any CPU.ActiveCfg = Release|Any CPU
		{8F5C8602-8974-4F90-9982-D8D786DB5C6B}.Release|Any CPU.Build.0 = Release|Any CPU
		{B8F8CDE9-E29C-4AF3-AA4E-A46654B9EA21}.Debug|Any CPU.ActiveCfg = Debug|Any CPU
		{B8F8CDE9-E29C-4AF3-AA4E-A46654B9EA21}.Debug|Any CPU.Build.0 = Debug|Any CPU
		{B8F8CDE9-E29C-4AF3-AA4E-A46654B9EA21}.Release|Any CPU.ActiveCfg = Release|Any CPU
		{B8F8CDE9-E29C-4AF3-AA4E-A46654B9EA21}.Release|Any CPU.Build.0 = Release|Any CPU
	EndGlobalSection
	GlobalSection(SolutionProperties) = preSolution
		HideSolutionNode = FALSE
	EndGlobalSection
	GlobalSection(ExtensibilityGlobals) = postSolution
		SolutionGuid = {369E44CC-1936-42AF-8647-2AE5E530E026}
	EndGlobalSection
EndGlobal
