
Microsoft Visual Studio Solution File, Format Version 12.00
# Visual Studio Version 17
VisualStudioVersion = 17.13.35913.81 d17.13
MinimumVisualStudioVersion = 10.0.40219.1
Project("{FAE04EC0-301F-11D3-BF4B-00C04F79EFBC}") = "DB", "DB\DB.csproj", "{EAB99954-1B55-4D73-B5A3-5E151015AB8E}"
EndProject
Global
	GlobalSection(SolutionConfigurationPlatforms) = preSolution
		Debug|Any CPU = Debug|Any CPU
		Release|Any CPU = Release|Any CPU
	EndGlobalSection
	GlobalSection(ProjectConfigurationPlatforms) = postSolution
		{EAB99954-1B55-4D73-B5A3-5E151015AB8E}.Debug|Any CPU.ActiveCfg = Debug|Any CPU
		{EAB99954-1B55-4D73-B5A3-5E151015AB8E}.Debug|Any CPU.Build.0 = Debug|Any CPU
		{EAB99954-1B55-4D73-B5A3-5E151015AB8E}.Release|Any CPU.ActiveCfg = Release|Any CPU
		{EAB99954-1B55-4D73-B5A3-5E151015AB8E}.Release|Any CPU.Build.0 = Release|Any CPU
	EndGlobalSection
	GlobalSection(SolutionProperties) = preSolution
		HideSolutionNode = FALSE
	EndGlobalSection
	GlobalSection(ExtensibilityGlobals) = postSolution
		SolutionGuid = {38A8FC43-8724-4137-9224-9705CD6C0DD3}
	EndGlobalSection
EndGlobal
